
Microsoft Visual Studio Solution File, Format Version 12.00
# Visual Studio 15
VisualStudioVersion = 15.0.27004.2008
MinimumVisualStudioVersion = 10.0.40219.1
Project("{2150E333-8FDC-42A3-9474-1A3956D46DE8}") = "CustomControls", "CustomControls", "{31521897-61F2-4012-B013-20719C4FF6CE}"
EndProject
Project("{FAE04EC0-301F-11D3-BF4B-00C04F79EFBC}") = "InfinityXplorer.Core", "InfinityXplorer.Core\InfinityXplorer.Core.csproj", "{136D7115-203D-4DB2-8DF6-640A84E82A3B}"
EndProject
Project("{FAE04EC0-301F-11D3-BF4B-00C04F79EFBC}") = "WinFormsUI", "CustomControls\WinFormsUI\WinFormsUI.csproj", "{C75532C4-765B-418E-B09B-46D36B2ABDB1}"
EndProject
Project("{FAE04EC0-301F-11D3-BF4B-00C04F79EFBC}") = "TestCS", "TestCS\TestCS.csproj", "{79CAF8EF-CE9A-4FAB-874A-A9123BA7D923}"
EndProject
Project("{FAE04EC0-301F-11D3-BF4B-00C04F79EFBC}") = "ZLib", "CustomControls\ZLib\ZLib.csproj", "{0C89B7A2-A218-49E4-B545-5B044A45F977}"
EndProject
Global
	GlobalSection(SolutionConfigurationPlatforms) = preSolution
		Debug|Any CPU = Debug|Any CPU
		Release|Any CPU = Release|Any CPU
	EndGlobalSection
	GlobalSection(ProjectConfigurationPlatforms) = postSolution
		{136D7115-203D-4DB2-8DF6-640A84E82A3B}.Debug|Any CPU.ActiveCfg = Debug|Any CPU
		{136D7115-203D-4DB2-8DF6-640A84E82A3B}.Debug|Any CPU.Build.0 = Debug|Any CPU
		{136D7115-203D-4DB2-8DF6-640A84E82A3B}.Release|Any CPU.ActiveCfg = Release|Any CPU
		{136D7115-203D-4DB2-8DF6-640A84E82A3B}.Release|Any CPU.Build.0 = Release|Any CPU
		{C75532C4-765B-418E-B09B-46D36B2ABDB1}.Debug|Any CPU.ActiveCfg = Debug|Any CPU
		{C75532C4-765B-418E-B09B-46D36B2ABDB1}.Debug|Any CPU.Build.0 = Debug|Any CPU
		{C75532C4-765B-418E-B09B-46D36B2ABDB1}.Release|Any CPU.ActiveCfg = Release|Any CPU
		{C75532C4-765B-418E-B09B-46D36B2ABDB1}.Release|Any CPU.Build.0 = Release|Any CPU
		{79CAF8EF-CE9A-4FAB-874A-A9123BA7D923}.Debug|Any CPU.ActiveCfg = Debug|Any CPU
		{79CAF8EF-CE9A-4FAB-874A-A9123BA7D923}.Debug|Any CPU.Build.0 = Debug|Any CPU
		{79CAF8EF-CE9A-4FAB-874A-A9123BA7D923}.Release|Any CPU.ActiveCfg = Release|Any CPU
		{79CAF8EF-CE9A-4FAB-874A-A9123BA7D923}.Release|Any CPU.Build.0 = Release|Any CPU
		{0C89B7A2-A218-49E4-B545-5B044A45F977}.Debug|Any CPU.ActiveCfg = Debug|Any CPU
		{0C89B7A2-A218-49E4-B545-5B044A45F977}.Debug|Any CPU.Build.0 = Debug|Any CPU
		{0C89B7A2-A218-49E4-B545-5B044A45F977}.Release|Any CPU.ActiveCfg = Release|Any CPU
		{0C89B7A2-A218-49E4-B545-5B044A45F977}.Release|Any CPU.Build.0 = Release|Any CPU
	EndGlobalSection
	GlobalSection(SolutionProperties) = preSolution
		HideSolutionNode = FALSE
	EndGlobalSection
	GlobalSection(NestedProjects) = preSolution
		{C75532C4-765B-418E-B09B-46D36B2ABDB1} = {31521897-61F2-4012-B013-20719C4FF6CE}
		{0C89B7A2-A218-49E4-B545-5B044A45F977} = {31521897-61F2-4012-B013-20719C4FF6CE}
	EndGlobalSection
	GlobalSection(ExtensibilityGlobals) = postSolution
		SolutionGuid = {B3BDA44D-CE66-46D7-9B78-3274C64A2146}
	EndGlobalSection
EndGlobal
